github.com/mynhinguyentruong/go-solana/solana v0.0.0-20230705180248-29f734cbf133 h1:hOSjDpTpaGdZT/0E080DFm6tv+plnmD/3fs/3Afs5w4=
github.com/mynhinguyentruong/go-solana/solana v0.0.0-20230705180248-29f734cbf133/go.mod h1:jfx6tcSZtiZ/t27DPjPT3C2ELwTBvEFpfXp9BMUvfNE=
github.com/mynhinguyentruong/go-solana/solana v0.0.0-20230705183338-e040b45d71c9 h1:SKbtJBT0ubYRuilJwZ6rAuIRDv/FiKtSex0ruX8erow=
github.com/mynhinguyentruong/go-solana/solana v0.0.0-20230705183338-e040b45d71c9/go.mod h1:jfx6tcSZtiZ/t27DPjPT3C2ELwTBvEFpfXp9BMUvfNE=
